<?xml version="1.0" encoding="utf-8"?>
<Project ToolsVersion="4.0" xmlns="http://schemas.microsoft.com/developer/msbuild/2003">
  <ItemGroup>
    <Filter Include="Source Files">
      <UniqueIdentifier>{4FC737F1-C7A5-4376-A066-2A32D752A2FF}</UniqueIdentifier>
      <Extensions>cpp;c;cc;cxx;def;odl;idl;hpj;bat;asm;asmx</Extensions>
    </Filter>
    <Filter Include="Header Files">
      <UniqueIdentifier>{93995380-89BD-4b04-88EB-625FBE52EBFB}</UniqueIdentifier>
      <Extensions>h;hh;hpp;hxx;hm;inl;inc;xsd</Extensions>
    </Filter>
    <Filter Include="Resource Files">
      <UniqueIdentifier>{67DA6AB6-F800-4c08-8B7A-83BB121AAD01}</UniqueIdentifier>
      <Extensions>rc;ico;cur;bmp;dlg;rc2;rct;bin;rgs;gif;jpg;jpeg;jpe;resx;tiff;tif;png;wav;mfcribbon-ms</Extensions>
    </Filter>
    <Filter Include="Source Files\set_1">
      <UniqueIdentifier>{1cef040d-83eb-4b2a-ace0-46522ae363b1}</UniqueIdentifier>
    </Filter>
    <Filter Include="Source Files\set_1\challenge_1">
      <UniqueIdentifier>{0955c53f-eac7-401e-8ca2-30bec236261f}</UniqueIdentifier>
    </Filter>
    <Filter Include="Header Files\tools">
      <UniqueIdentifier>{ddc42d23-ead4-4a66-8b35-15c89a5c1907}</UniqueIdentifier>
    </Filter>
    <Filter Include="Source Files\set_1\challenge_2">
      <UniqueIdentifier>{569ac8c0-84b4-41f1-a236-d72796dffbec}</UniqueIdentifier>
    </Filter>
    <Filter Include="Source Files\set_1\challenge_3">
      <UniqueIdentifier>{603e8061-8616-41a7-9ff9-4b2c9287cb95}</UniqueIdentifier>
    </Filter>
  </ItemGroup>
  <ItemGroup>
    <ClCompile Include="tools\hex.c">
      <Filter>Header Files\tools</Filter>
    </ClCompile>
    <ClCompile Include="tools\ciph.c">
      <Filter>Header Files\tools</Filter>
    </ClCompile>
    <ClCompile Include="set_1\challenge_3\xorcipher.c">
      <Filter>Source Files\set_1\challenge_3</Filter>
    </ClCompile>
  </ItemGroup>
  <ItemGroup>
    <ClInclude Include="tools\hex.h">
      <Filter>Header Files\tools</Filter>
    </ClInclude>
    <ClInclude Include="tools\ciph.h">
      <Filter>Header Files\tools</Filter>
    </ClInclude>
  </ItemGroup>
</Project>